
Microsoft Visual Studio Solution File, Format Version 12.00
# Visual Studio 14
VisualStudioVersion = 14.0.25420.1
MinimumVisualStudioVersion = 10.0.40219.1
Project("{2150E333-8FDC-42A3-9474-1A3956D46DE8}") = "Data", "Data", "{2BD2D97F-D269-4A2D-86B0-02C557CC0AA2}"
EndProject
Project("{2150E333-8FDC-42A3-9474-1A3956D46DE8}") = "Server", "Server", "{8B0E6577-5720-46B1-972D-18B15BA0E48A}"
EndProject
Project("{2150E333-8FDC-42A3-9474-1A3956D46DE8}") = "Services", "Services", "{F84F135D-DDE7-4453-9D13-5F3720389BA9}"
EndProject
Project("{FAE04EC0-301F-11D3-BF4B-00C04F79EFBC}") = "CompaniesInfo.Data.Models", "Data\CompaniesInfo.Data.Models\CompaniesInfo.Data.Models.csproj", "{06F5C66F-E68A-4731-8EBB-A2B41DF72601}"
EndProject
Project("{FAE04EC0-301F-11D3-BF4B-00C04F79EFBC}") = "CompaniesInfo.Data", "Data\CompaniesInfo.Data\CompaniesInfo.Data.csproj", "{F23A1E5D-BABF-450B-B633-2F058E680021}"
EndProject
Project("{FAE04EC0-301F-11D3-BF4B-00C04F79EFBC}") = "CompaniesInfo.Data.Common", "Data\CompaniesInfo.Data.Common\CompaniesInfo.Data.Common.csproj", "{75DF5820-B1C8-4D65-9B39-F02AB3D59494}"
EndProject
Project("{2150E333-8FDC-42A3-9474-1A3956D46DE8}") = "Tests", "Tests", "{FB356753-2457-4F93-9973-675CCA9F5A3E}"
EndProject
Project("{FAE04EC0-301F-11D3-BF4B-00C04F79EFBC}") = "CompaniesInfo.Server.Api", "Server\CompaniesInfo.Server.Api\CompaniesInfo.Server.Api.csproj", "{C0177659-6174-4557-9461-7D0767E5E900}"
EndProject
Project("{FAE04EC0-301F-11D3-BF4B-00C04F79EFBC}") = "CompaniesInfo.Server.DataTransferModels", "Server\CompaniesInfo.Server.DataTransferModels\CompaniesInfo.Server.DataTransferModels.csproj", "{DD6F9CC7-E768-4E7C-ACAA-9BDB7829732B}"
EndProject
Project("{FAE04EC0-301F-11D3-BF4B-00C04F79EFBC}") = "CompaniesInfo.Server.Common", "Server\CompaniesInfo.Server.Common\CompaniesInfo.Server.Common.csproj", "{252AF7DA-FB6A-4C0F-B53B-27CCFAC8569F}"
EndProject
Project("{FAE04EC0-301F-11D3-BF4B-00C04F79EFBC}") = "CompaniesInfo.Services.Data", "Services\CompaniesInfo.Services.Data\CompaniesInfo.Services.Data.csproj", "{FE2F5EE0-14AF-47EB-A43D-01444EA041E2}"
EndProject
Project("{FAE04EC0-301F-11D3-BF4B-00C04F79EFBC}") = "CompanyInfo.Tests.UnitTests", "Tests\CompanyInfo.Tests.UnitTests\CompanyInfo.Tests.UnitTests.csproj", "{488CDEF4-C5C7-4E0C-9018-44B73EFFB8D3}"
EndProject
Global
	GlobalSection(SolutionConfigurationPlatforms) = preSolution
		Debug|Any CPU = Debug|Any CPU
		Release|Any CPU = Release|Any CPU
	EndGlobalSection
	GlobalSection(ProjectConfigurationPlatforms) = postSolution
		{06F5C66F-E68A-4731-8EBB-A2B41DF72601}.Debug|Any CPU.ActiveCfg = Debug|Any CPU
		{06F5C66F-E68A-4731-8EBB-A2B41DF72601}.Debug|Any CPU.Build.0 = Debug|Any CPU
		{06F5C66F-E68A-4731-8EBB-A2B41DF72601}.Release|Any CPU.ActiveCfg = Release|Any CPU
		{06F5C66F-E68A-4731-8EBB-A2B41DF72601}.Release|Any CPU.Build.0 = Release|Any CPU
		{F23A1E5D-BABF-450B-B633-2F058E680021}.Debug|Any CPU.ActiveCfg = Debug|Any CPU
		{F23A1E5D-BABF-450B-B633-2F058E680021}.Debug|Any CPU.Build.0 = Debug|Any CPU
		{F23A1E5D-BABF-450B-B633-2F058E680021}.Release|Any CPU.ActiveCfg = Release|Any CPU
		{F23A1E5D-BABF-450B-B633-2F058E680021}.Release|Any CPU.Build.0 = Release|Any CPU
		{75DF5820-B1C8-4D65-9B39-F02AB3D59494}.Debug|Any CPU.ActiveCfg = Debug|Any CPU
		{75DF5820-B1C8-4D65-9B39-F02AB3D59494}.Debug|Any CPU.Build.0 = Debug|Any CPU
		{75DF5820-B1C8-4D65-9B39-F02AB3D59494}.Release|Any CPU.ActiveCfg = Release|Any CPU
		{75DF5820-B1C8-4D65-9B39-F02AB3D59494}.Release|Any CPU.Build.0 = Release|Any CPU
		{C0177659-6174-4557-9461-7D0767E5E900}.Debug|Any CPU.ActiveCfg = Debug|Any CPU
		{C0177659-6174-4557-9461-7D0767E5E900}.Debug|Any CPU.Build.0 = Debug|Any CPU
		{C0177659-6174-4557-9461-7D0767E5E900}.Release|Any CPU.ActiveCfg = Release|Any CPU
		{C0177659-6174-4557-9461-7D0767E5E900}.Release|Any CPU.Build.0 = Release|Any CPU
		{DD6F9CC7-E768-4E7C-ACAA-9BDB7829732B}.Debug|Any CPU.ActiveCfg = Debug|Any CPU
		{DD6F9CC7-E768-4E7C-ACAA-9BDB7829732B}.Debug|Any CPU.Build.0 = Debug|Any CPU
		{DD6F9CC7-E768-4E7C-ACAA-9BDB7829732B}.Release|Any CPU.ActiveCfg = Release|Any CPU
		{DD6F9CC7-E768-4E7C-ACAA-9BDB7829732B}.Release|Any CPU.Build.0 = Release|Any CPU
		{252AF7DA-FB6A-4C0F-B53B-27CCFAC8569F}.Debug|Any CPU.ActiveCfg = Debug|Any CPU
		{252AF7DA-FB6A-4C0F-B53B-27CCFAC8569F}.Debug|Any CPU.Build.0 = Debug|Any CPU
		{252AF7DA-FB6A-4C0F-B53B-27CCFAC8569F}.Release|Any CPU.ActiveCfg = Release|Any CPU
		{252AF7DA-FB6A-4C0F-B53B-27CCFAC8569F}.Release|Any CPU.Build.0 = Release|Any CPU
		{FE2F5EE0-14AF-47EB-A43D-01444EA041E2}.Debug|Any CPU.ActiveCfg = Debug|Any CPU
		{FE2F5EE0-14AF-47EB-A43D-01444EA041E2}.Debug|Any CPU.Build.0 = Debug|Any CPU
		{FE2F5EE0-14AF-47EB-A43D-01444EA041E2}.Release|Any CPU.ActiveCfg = Release|Any CPU
		{FE2F5EE0-14AF-47EB-A43D-01444EA041E2}.Release|Any CPU.Build.0 = Release|Any CPU
		{488CDEF4-C5C7-4E0C-9018-44B73EFFB8D3}.Debug|Any CPU.ActiveCfg = Debug|Any CPU
		{488CDEF4-C5C7-4E0C-9018-44B73EFFB8D3}.Debug|Any CPU.Build.0 = Debug|Any CPU
		{488CDEF4-C5C7-4E0C-9018-44B73EFFB8D3}.Release|Any CPU.ActiveCfg = Release|Any CPU
		{488CDEF4-C5C7-4E0C-9018-44B73EFFB8D3}.Release|Any CPU.Build.0 = Release|Any CPU
	EndGlobalSection
	GlobalSection(SolutionProperties) = preSolution
		HideSolutionNode = FALSE
	EndGlobalSection
	GlobalSection(NestedProjects) = preSolution
		{06F5C66F-E68A-4731-8EBB-A2B41DF72601} = {2BD2D97F-D269-4A2D-86B0-02C557CC0AA2}
		{F23A1E5D-BABF-450B-B633-2F058E680021} = {2BD2D97F-D269-4A2D-86B0-02C557CC0AA2}
		{75DF5820-B1C8-4D65-9B39-F02AB3D59494} = {2BD2D97F-D269-4A2D-86B0-02C557CC0AA2}
		{C0177659-6174-4557-9461-7D0767E5E900} = {8B0E6577-5720-46B1-972D-18B15BA0E48A}
		{DD6F9CC7-E768-4E7C-ACAA-9BDB7829732B} = {8B0E6577-5720-46B1-972D-18B15BA0E48A}
		{252AF7DA-FB6A-4C0F-B53B-27CCFAC8569F} = {8B0E6577-5720-46B1-972D-18B15BA0E48A}
		{FE2F5EE0-14AF-47EB-A43D-01444EA041E2} = {F84F135D-DDE7-4453-9D13-5F3720389BA9}
		{488CDEF4-C5C7-4E0C-9018-44B73EFFB8D3} = {FB356753-2457-4F93-9973-675CCA9F5A3E}
	EndGlobalSection
EndGlobal
